{
  "version": "4",
  "specifiers": {
    "npm:jwt-decode@4.0.0": "4.0.0",
    "npm:oxlint@0.14.0": "0.14.0",
    "npm:typescript@5.7.2": "5.7.2",
    "npm:vite-plugin-oxlint@1.1.0": "1.1.0_oxlint@0.10.3",
    "npm:vue-router@4.5.0": "4.5.0_vue@3.5.13__typescript@5.7.2_typescript@5.7.2",
    "npm:vue@3.5.13": "3.5.13_typescript@5.7.2"
  },
  "npm": {
    "@babel/helper-string-parser@7.25.9": {
      "integrity": "sha512-4A/SCr/2KLd5jrtOMFzaKjVtAei3+2r/NChoBNoZ3EyP/+GlhoaEGoWOZUmFmoITP7zOJyHIMm+DYRd8o3PvHA=="
    },
    "@babel/helper-validator-identifier@7.25.9": {
      "integrity": "sha512-Ed61U6XJc3CVRfkERJWDz4dJwKe7iLmmJsbOGu9wSloNSFttHV0I8g6UAgb7qnK5ly5bGLPd4oXZlxCdANBOWQ=="
    },
    "@babel/parser@7.26.2": {
      "integrity": "sha512-DWMCZH9WA4Maitz2q21SRKHo9QXZxkDsbNZoVD62gusNtNBBqDg9i7uOhASfTfIGNzW+O+r7+jAlM8dwphcJKQ==",
      "dependencies": [
        "@babel/types"
      ]
    },
    "@babel/types@7.26.0": {
      "integrity": "sha512-Z/yiTPj+lDVnF7lWeKCIJzaIkI0vYO87dMpZ4bg4TDrFe4XXLFWL1TbXU27gBP3QccxV9mZICCrnjnYlJjXHOA==",
      "dependencies": [
        "@babel/helper-string-parser",
        "@babel/helper-validator-identifier"
      ]
    },
    "@jridgewell/sourcemap-codec@1.5.0": {
      "integrity": "sha512-gv3ZRaISU3fjPAgNsriBRqGWQL6quFx04YMPW/zD8XMLsU32mhCCbfbO6KZFLjvYpCZ8zyDEgqsgf+PwPaM7GQ=="
    },
    "@oxlint/darwin-arm64@0.10.3": {
      "integrity": "sha512-1zcWSqr9DmhbSrV1SEZRywp81CNq8ZidIcFGB8tGUMnlBNYiHnxyHHh2GIZsr1C2exmkBUGXruM1P8eQ9BWGuQ=="
    },
    "@oxlint/darwin-arm64@0.14.0": {
      "integrity": "sha512-TnGzzJ5BWfj4d3GYdtiMNrCswr00i/f3UwUL5gD71J67nyMAagYwyJI5atCV8LKoa9DJnuc7//HfuPHhQoNKdA=="
    },
    "@oxlint/darwin-x64@0.10.3": {
      "integrity": "sha512-lPAXCwYb+wZgjWAMhtPjGn7n1h8HvTulj6XCRyIgUu/aTGDRtnsae9IPXsJ9LJwYu5wyzkcWow0nhlIxkDaZ+w=="
    },
    "@oxlint/darwin-x64@0.14.0": {
      "integrity": "sha512-MUbf9R2CjTuPQD+HOk9V+Aq05aWlzr2jj8cnIMUDiiwX2hTkprJKcoXyAIJp/OCDd1ufHpo9n7fKTyYtpJUFzA=="
    },
    "@oxlint/linux-arm64-gnu@0.10.3": {
      "integrity": "sha512-OmzpNVRwhjuI/RtoG4ROrwxRICTLoBB3ua4/Mh2iC3RelOog2xhlAAJHenKtzgQXNmebWof/0EckFpMfID7fMw=="
    },
    "@oxlint/linux-arm64-gnu@0.14.0": {
      "integrity": "sha512-ofWwFpdD8to59cjOVE+fgIS+uJLX5VbJkkYB2MCpahdzffiWTTvZCVU2TSDJxVr8VpXrF1E8SWDnmHNHzke4bg=="
    },
    "@oxlint/linux-arm64-musl@0.10.3": {
      "integrity": "sha512-QQzlIW6rKOoGZK19gz/kbAbIFROJEV6ER0smcoBA7FzwsQ/ji796qx3TdITelgJwJt5x+OG5ZHztIjyzC871ZQ=="
    },
    "@oxlint/linux-arm64-musl@0.14.0": {
      "integrity": "sha512-yypOsNETNE/8DQELHbw34It1Ab0HxfIooNjmK4YrJBCbVYqr6HOl/oHHb/KauZrAAfoABOMPu5G1igyXNgPvlg=="
    },
    "@oxlint/linux-x64-gnu@0.10.3": {
      "integrity": "sha512-m4ZUKsQNXxXmHUYBEaO7KN83DPVsLTq8KaRO4qj0Cs1RgD8O3YYCCDewVe8x/9yskQrCCTP4mL0G4IZgDJ3Gpg=="
    },
    "@oxlint/linux-x64-gnu@0.14.0": {
      "integrity": "sha512-E9ZSFo+phvUKM9+pjKCxx6GeT+DfWK8fPxupCpFljWD0zgZQKiXv1FY5+TOPjJqI7aMjLfGuC5VfGjVRgs87Ug=="
    },
    "@oxlint/linux-x64-musl@0.10.3": {
      "integrity": "sha512-XKvAUYxE9bHjvWE4wmOlIdaVQN7pzZAH3Rx1EFg0MfGBVjyDm+uf0P3so+gx2PowqvBnBneL9tth2AS3Bcjl6g=="
    },
    "@oxlint/linux-x64-musl@0.14.0": {
      "integrity": "sha512-MmtNF/g0u15smzyYJd5QGlyhAU8V6ZMQrFAXGhoRo5AfWzbNyOOUFmJVNLa/yvs4F+1m7oEfaegxk3BeVyufPQ=="
    },
    "@oxlint/win32-arm64@0.10.3": {
      "integrity": "sha512-8xhYVvnwrveMHyXAgQAaDjJWFij4mZP6jtMlBIjk6pZSrjUzX+9o7Wh1zgH6kYApmcPDAzomYJLSYvyF5PzluA=="
    },
    "@oxlint/win32-arm64@0.14.0": {
      "integrity": "sha512-67dJ57QImulc8qu9xuF5NsQAHvwr1N3Fpy1j/gaGZE973pEVoW9fFO88tnmY2L5SjWf9o3nHwti1tlU99JuOlw=="
    },
    "@oxlint/win32-x64@0.10.3": {
      "integrity": "sha512-dQiHruLd42aock1WHp5BFvRvaz+Pe436dQkcmlCVmInhmOjRpDEVKPUUWamrImV6S8VM63bn4Jp60vpprjJQdQ=="
    },
    "@oxlint/win32-x64@0.14.0": {
      "integrity": "sha512-fw8IEW7osGYIgfEMEW4AqPg1q8/kZd0cpO51ixvekVOuhZNC8PX8Wdx97U+XTowOFrkCcr3+szR9PZEjKyR1FQ=="
    },
    "@vue/compiler-core@3.5.13": {
      "integrity": "sha512-oOdAkwqUfW1WqpwSYJce06wvt6HljgY3fGeM9NcVA1HaYOij3mZG9Rkysn0OHuyUAGMbEbARIpsG+LPVlBJ5/Q==",
      "dependencies": [
        "@babel/parser",
        "@vue/shared",
        "entities",
        "estree-walker",
        "source-map-js"
      ]
    },
    "@vue/compiler-dom@3.5.13": {
      "integrity": "sha512-ZOJ46sMOKUjO3e94wPdCzQ6P1Lx/vhp2RSvfaab88Ajexs0AHeV0uasYhi99WPaogmBlRHNRuly8xV75cNTMDA==",
      "dependencies": [
        "@vue/compiler-core",
        "@vue/shared"
      ]
    },
    "@vue/compiler-sfc@3.5.13": {
      "integrity": "sha512-6VdaljMpD82w6c2749Zhf5T9u5uLBWKnVue6XWxprDobftnletJ8+oel7sexFfM3qIxNmVE7LSFGTpv6obNyaQ==",
      "dependencies": [
        "@babel/parser",
        "@vue/compiler-core",
        "@vue/compiler-dom",
        "@vue/compiler-ssr",
        "@vue/shared",
        "estree-walker",
        "magic-string",
        "postcss",
        "source-map-js"
      ]
    },
    "@vue/compiler-ssr@3.5.13": {
      "integrity": "sha512-wMH6vrYHxQl/IybKJagqbquvxpWCuVYpoUJfCqFZwa/JY1GdATAQ+TgVtgrwwMZ0D07QhA99rs/EAAWfvG6KpA==",
      "dependencies": [
        "@vue/compiler-dom",
        "@vue/shared"
      ]
    },
    "@vue/devtools-api@6.6.4": {
      "integrity": "sha512-sGhTPMuXqZ1rVOk32RylztWkfXTRhuS7vgAKv0zjqk8gbsHkJ7xfFf+jbySxt7tWObEJwyKaHMikV/WGDiQm8g=="
    },
    "@vue/reactivity@3.5.13": {
      "integrity": "sha512-NaCwtw8o48B9I6L1zl2p41OHo/2Z4wqYGGIK1Khu5T7yxrn+ATOixn/Udn2m+6kZKB/J7cuT9DbWWhRxqixACg==",
      "dependencies": [
        "@vue/shared"
      ]
    },
    "@vue/runtime-core@3.5.13": {
      "integrity": "sha512-Fj4YRQ3Az0WTZw1sFe+QDb0aXCerigEpw418pw1HBUKFtnQHWzwojaukAs2X/c9DQz4MQ4bsXTGlcpGxU/RCIw==",
      "dependencies": [
        "@vue/reactivity",
        "@vue/shared"
      ]
    },
    "@vue/runtime-dom@3.5.13": {
      "integrity": "sha512-dLaj94s93NYLqjLiyFzVs9X6dWhTdAlEAciC3Moq7gzAc13VJUdCnjjRurNM6uTLFATRHexHCTu/Xp3eW6yoog==",
      "dependencies": [
        "@vue/reactivity",
        "@vue/runtime-core",
        "@vue/shared",
        "csstype"
      ]
    },
    "@vue/server-renderer@3.5.13_vue@3.5.13__typescript@5.7.2": {
      "integrity": "sha512-wAi4IRJV/2SAW3htkTlB+dHeRmpTiVIK1OGLWV1yeStVSebSQQOwGwIq0D3ZIoBj2C2qpgz5+vX9iEBkTdk5YA==",
      "dependencies": [
        "@vue/compiler-ssr",
        "@vue/shared",
        "vue"
      ]
    },
    "@vue/shared@3.5.13": {
      "integrity": "sha512-/hnE/qP5ZoGpol0a5mDi45bOd7t3tjYJBjsgCsivow7D48cJeV5l05RD82lPqi7gRiphZM37rnhW1l6ZoCNNnQ=="
    },
    "csstype@3.1.3": {
      "integrity": "sha512-M1uQkMl8rQK/szD0LNhtqxIPLpimGm8sOBwU7lLnCpSbTyY3yeU1Vc7l4KT5zT4s/yOxHH5O7tIuuLOCnLADRw=="
    },
    "entities@4.5.0": {
      "integrity": "sha512-V0hjH4dGPh9Ao5p0MoRY6BVqtwCjhz6vI5LT8AJ55H+4g9/4vbHx1I54fS0XuclLhDHArPQCiMjDxjaL8fPxhw=="
    },
    "estree-walker@2.0.2": {
      "integrity": "sha512-Rfkk/Mp/DL7JVje3u18FxFujQlTNR2q6QfMSMB7AvCBx91NGj/ba3kCfza0f6dVDbw7YlRf/nDrn7pQrCCyQ/w=="
    },
    "jwt-decode@4.0.0": {
      "integrity": "sha512-+KJGIyHgkGuIq3IEBNftfhW/LfWhXUIY6OmyVWjliu5KH1y0fw7VQ8YndE2O4qZdMSd9SqbnC8GOcZEy0Om7sA=="
    },
    "magic-string@0.30.14": {
      "integrity": "sha512-5c99P1WKTed11ZC0HMJOj6CDIue6F8ySu+bJL+85q1zBEIY8IklrJ1eiKC2NDRh3Ct3FcvmJPyQHb9erXMTJNw==",
      "dependencies": [
        "@jridgewell/sourcemap-codec"
      ]
    },
    "nanoid@3.3.8": {
      "integrity": "sha512-WNLf5Sd8oZxOm+TzppcYk8gVOgP+l58xNy58D0nbUnOxOWRWvlcCV4kUF7ltmI6PsrLl/BgKEyS4mqsGChFN0w=="
    },
    "oxlint@0.10.3": {
      "integrity": "sha512-af5u5+s4adyszujeILPDRGwix0o5M1+qR1eqxNSmJhTKVRX7xdrT9s2rpNpMYxQmPyWRhC/+5Gqyb+f/PtbK9A==",
      "dependencies": [
        "@oxlint/darwin-arm64@0.10.3",
        "@oxlint/darwin-x64@0.10.3",
        "@oxlint/linux-arm64-gnu@0.10.3",
        "@oxlint/linux-arm64-musl@0.10.3",
        "@oxlint/linux-x64-gnu@0.10.3",
        "@oxlint/linux-x64-musl@0.10.3",
        "@oxlint/win32-arm64@0.10.3",
        "@oxlint/win32-x64@0.10.3"
      ]
    },
    "oxlint@0.14.0": {
      "integrity": "sha512-S0jZRxWPwgDEtLbpJfCVaMeK5/E7wvp6lYJdukwrmeLMRelgh9DjQzl2RBrSjHfmm2R6IcUwzpQ9h8BvqDH7ww==",
      "dependencies": [
        "@oxlint/darwin-arm64@0.14.0",
        "@oxlint/darwin-x64@0.14.0",
        "@oxlint/linux-arm64-gnu@0.14.0",
        "@oxlint/linux-arm64-musl@0.14.0",
        "@oxlint/linux-x64-gnu@0.14.0",
        "@oxlint/linux-x64-musl@0.14.0",
        "@oxlint/win32-arm64@0.14.0",
        "@oxlint/win32-x64@0.14.0"
      ]
    },
    "picocolors@1.1.1": {
      "integrity": "sha512-xceH2snhtb5M9liqDsmEw56le376mTZkEX/jEb/RxNFyegNul7eNslCXP9FDj/Lcu0X8KEyMceP2ntpaHrDEVA=="
    },
    "postcss@8.4.49": {
      "integrity": "sha512-OCVPnIObs4N29kxTjzLfUryOkvZEq+pf8jTF0lg8E7uETuWHA+v7j3c/xJmiqpX450191LlmZfUKkXxkTry7nA==",
      "dependencies": [
        "nanoid",
        "picocolors",
        "source-map-js"
      ]
    },
    "source-map-js@1.2.1": {
      "integrity": "sha512-UXWMKhLOwVKb728IUtQPXxfYU+usdybtUrK/8uGE8CQMvrhOpwvzDBwj0QhSL7MQc7vIsISBG8VQ8+IDQxpfQA=="
    },
    "typescript@5.7.2": {
      "integrity": "sha512-i5t66RHxDvVN40HfDd1PsEThGNnlMCMT3jMUuoh9/0TaqWevNontacunWyN02LA9/fIbEWlcHZcgTKb9QoaLfg=="
    },
    "vite-plugin-oxlint@1.1.0_oxlint@0.10.3": {
      "integrity": "sha512-b+KgDGEM7a7c+jExQ8JuoZMomjj2dtV8rkb0PSKcdWrMKjTdBNg0/7l+Mkg71OJbyF8SCBXRYgaw8CnstU3rlw==",
      "dependencies": [
        "oxlint@0.10.3"
      ]
    },
    "vue-router@4.5.0_vue@3.5.13__typescript@5.7.2_typescript@5.7.2": {
      "integrity": "sha512-HDuk+PuH5monfNuY+ct49mNmkCRK4xJAV9Ts4z9UFc4rzdDnxQLyCMGGc8pKhZhHTVzfanpNwB/lwqevcBwI4w==",
      "dependencies": [
        "@vue/devtools-api",
        "vue"
      ]
    },
    "vue@3.5.13_typescript@5.7.2": {
      "integrity": "sha512-wmeiSMxkZCSc+PM2w2VRsOYAZC8GdipNFRTsLSfodVqI9mbejKeXEGr8SckuLnrQPGe3oJN5c3K0vpoU9q/wCQ==",
      "dependencies": [
        "@vue/compiler-dom",
        "@vue/compiler-sfc",
        "@vue/runtime-dom",
        "@vue/server-renderer",
        "@vue/shared",
        "typescript"
      ]
    }
  },
  "workspace": {
    "dependencies": [
      "npm:@deno/vite-plugin@1.0.1",
      "npm:@vitejs/plugin-vue@5.2.1",
      "npm:jwt-decode@4.0.0",
      "npm:oxlint@0.14.0",
      "npm:sass-embedded@1.82.0",
      "npm:typescript@5.7.2",
      "npm:vite-plugin-oxlint@1.1.0",
      "npm:vite@6.0.3",
      "npm:vue-router@4.5.0",
      "npm:vue@3.5.13"
    ]
  }
}
